
Microsoft Visual Studio Solution File, Format Version 12.00
# Visual Studio 15
VisualStudioVersion = 15.0.27428.2015
MinimumVisualStudioVersion = 10.0.40219.1
Project("{FAE04EC0-301F-11D3-BF4B-00C04F79EFBC}") = "TheWhatever", "TheWhatever\TheWhatever.csproj", "{417670E7-86C7-4806-8DDB-CE9518646FBB}"
EndProject
Global
	GlobalSection(SolutionConfigurationPlatforms) = preSolution
		Debug|Any CPU = Debug|Any CPU
		Release|Any CPU = Release|Any CPU
	EndGlobalSection
	GlobalSection(ProjectConfigurationPlatforms) = postSolution
		{417670E7-86C7-4806-8DDB-CE9518646FBB}.Debug|Any CPU.ActiveCfg = Debug|Any CPU
		{417670E7-86C7-4806-8DDB-CE9518646FBB}.Debug|Any CPU.Build.0 = Debug|Any CPU
		{417670E7-86C7-4806-8DDB-CE9518646FBB}.Release|Any CPU.ActiveCfg = Release|Any CPU
		{417670E7-86C7-4806-8DDB-CE9518646FBB}.Release|Any CPU.Build.0 = Release|Any CPU
	EndGlobalSection
	GlobalSection(SolutionProperties) = preSolution
		HideSolutionNode = FALSE
	EndGlobalSection
	GlobalSection(ExtensibilityGlobals) = postSolution
		SolutionGuid = {24E175C8-03C4-4838-968C-E8365D94C818}
	EndGlobalSection
EndGlobal
